
Microsoft Visual Studio Solution File, Format Version 12.00
# Visual Studio 15
VisualStudioVersion = 15.0.27004.2009
MinimumVisualStudioVersion = 10.0.40219.1
Project("{FAE04EC0-301F-11D3-BF4B-00C04F79EFBC}") = "WpfApp", "WpfApp\WpfApp.csproj", "{C28361E7-2E54-4A01-A39E-EE0B1C9CB81C}"
EndProject
Project("{FAE04EC0-301F-11D3-BF4B-00C04F79EFBC}") = "App_UWP", "App_UWP\App_UWP.csproj", "{54BCE50F-2BC7-4069-9394-1F65C5E28E34}"
EndProject
Global
	GlobalSection(SolutionConfigurationPlatforms) = preSolution
		Debug|Any CPU = Debug|Any CPU
		Debug|ARM = Debug|ARM
		Debug|x64 = Debug|x64
		Debug|x86 = Debug|x86
		Release|Any CPU = Release|Any CPU
		Release|ARM = Release|ARM
		Release|x64 = Release|x64
		Release|x86 = Release|x86
	EndGlobalSection
	GlobalSection(ProjectConfigurationPlatforms) = postSolution
		{C28361E7-2E54-4A01-A39E-EE0B1C9CB81C}.Debug|Any CPU.ActiveCfg = Debug|Any CPU
		{C28361E7-2E54-4A01-A39E-EE0B1C9CB81C}.Debug|Any CPU.Build.0 = Debug|Any CPU
		{C28361E7-2E54-4A01-A39E-EE0B1C9CB81C}.Debug|ARM.ActiveCfg = Debug|Any CPU
		{C28361E7-2E54-4A01-A39E-EE0B1C9CB81C}.Debug|ARM.Build.0 = Debug|Any CPU
		{C28361E7-2E54-4A01-A39E-EE0B1C9CB81C}.Debug|x64.ActiveCfg = Debug|Any CPU
		{C28361E7-2E54-4A01-A39E-EE0B1C9CB81C}.Debug|x64.Build.0 = Debug|Any CPU
		{C28361E7-2E54-4A01-A39E-EE0B1C9CB81C}.Debug|x86.ActiveCfg = Debug|Any CPU
		{C28361E7-2E54-4A01-A39E-EE0B1C9CB81C}.Debug|x86.Build.0 = Debug|Any CPU
		{C28361E7-2E54-4A01-A39E-EE0B1C9CB81C}.Release|Any CPU.ActiveCfg = Release|Any CPU
		{C28361E7-2E54-4A01-A39E-EE0B1C9CB81C}.Release|Any CPU.Build.0 = Release|Any CPU
		{C28361E7-2E54-4A01-A39E-EE0B1C9CB81C}.Release|ARM.ActiveCfg = Release|Any CPU
		{C28361E7-2E54-4A01-A39E-EE0B1C9CB81C}.Release|ARM.Build.0 = Release|Any CPU
		{C28361E7-2E54-4A01-A39E-EE0B1C9CB81C}.Release|x64.ActiveCfg = Release|Any CPU
		{C28361E7-2E54-4A01-A39E-EE0B1C9CB81C}.Release|x64.Build.0 = Release|Any CPU
		{C28361E7-2E54-4A01-A39E-EE0B1C9CB81C}.Release|x86.ActiveCfg = Release|Any CPU
		{C28361E7-2E54-4A01-A39E-EE0B1C9CB81C}.Release|x86.Build.0 = Release|Any CPU
		{54BCE50F-2BC7-4069-9394-1F65C5E28E34}.Debug|Any CPU.ActiveCfg = Debug|x86
		{54BCE50F-2BC7-4069-9394-1F65C5E28E34}.Debug|ARM.ActiveCfg = Debug|ARM
		{54BCE50F-2BC7-4069-9394-1F65C5E28E34}.Debug|ARM.Build.0 = Debug|ARM
		{54BCE50F-2BC7-4069-9394-1F65C5E28E34}.Debug|ARM.Deploy.0 = Debug|ARM
		{54BCE50F-2BC7-4069-9394-1F65C5E28E34}.Debug|x64.ActiveCfg = Debug|x64
		{54BCE50F-2BC7-4069-9394-1F65C5E28E34}.Debug|x64.Build.0 = Debug|x64
		{54BCE50F-2BC7-4069-9394-1F65C5E28E34}.Debug|x64.Deploy.0 = Debug|x64
		{54BCE50F-2BC7-4069-9394-1F65C5E28E34}.Debug|x86.ActiveCfg = Debug|x86
		{54BCE50F-2BC7-4069-9394-1F65C5E28E34}.Debug|x86.Build.0 = Debug|x86
		{54BCE50F-2BC7-4069-9394-1F65C5E28E34}.Debug|x86.Deploy.0 = Debug|x86
		{54BCE50F-2BC7-4069-9394-1F65C5E28E34}.Release|Any CPU.ActiveCfg = Release|x86
		{54BCE50F-2BC7-4069-9394-1F65C5E28E34}.Release|ARM.ActiveCfg = Release|ARM
		{54BCE50F-2BC7-4069-9394-1F65C5E28E34}.Release|ARM.Build.0 = Release|ARM
		{54BCE50F-2BC7-4069-9394-1F65C5E28E34}.Release|ARM.Deploy.0 = Release|ARM
		{54BCE50F-2BC7-4069-9394-1F65C5E28E34}.Release|x64.ActiveCfg = Release|x64
		{54BCE50F-2BC7-4069-9394-1F65C5E28E34}.Release|x64.Build.0 = Release|x64
		{54BCE50F-2BC7-4069-9394-1F65C5E28E34}.Release|x64.Deploy.0 = Release|x64
		{54BCE50F-2BC7-4069-9394-1F65C5E28E34}.Release|x86.ActiveCfg = Release|x86
		{54BCE50F-2BC7-4069-9394-1F65C5E28E34}.Release|x86.Build.0 = Release|x86
		{54BCE50F-2BC7-4069-9394-1F65C5E28E34}.Release|x86.Deploy.0 = Release|x86
	EndGlobalSection
	GlobalSection(SolutionProperties) = preSolution
		HideSolutionNode = FALSE
	EndGlobalSection
	GlobalSection(ExtensibilityGlobals) = postSolution
		SolutionGuid = {A7C04C01-9BA3-4416-8F87-79A2355841D0}
	EndGlobalSection
EndGlobal
